{
  "version": 1,
  "dependencies": {
    "net10.0": {
      "Azure.AI.OpenAI": {
        "type": "Direct",
        "requested": "[2.9.0-beta.1, )",
        "resolved": "2.9.0-beta.1",
        "contentHash": "CgIYDuCSOFx+yPuCdK7iz71OW2envfVeIE/YoNYK+mhr6bxgIJV6jfBF+mV9aHDQ6KVQjeSL6OZ7x90XrvsoRg==",
        "dependencies": {
          "Azure.Core": "1.51.1",
          "OpenAI": "2.9.1"
        }
      },
      "Azure.Identity": {
        "type": "Direct",
        "requested": "[1.18.0, )",
        "resolved": "1.18.0",
        "contentHash": "HiTpL2XRANXSPyrIkaq7eNDthi99UFbbJwMfpkkbVcdo3Au6yl3vPNWveoa4nO24JTcwyyXATZHn+eVnrVAWEQ==",
        "dependencies": {
          "Azure.Core": "1.51.1",
          "Microsoft.Identity.Client": "4.78.0",
          "Microsoft.Identity.Client.Extensions.Msal": "4.78.0"
        }
      },
      "Microsoft.Agents.AI.OpenAI": {
        "type": "Direct",
        "requested": "[1.19.0, )",
        "resolved": "1.19.0",
        "contentHash": "OPBTohcVH8X8vHdwYNqtqAt6GEAu73/ACWlBL8cFk06a9zxJGNB6hm6gSeQa7YI9X5SVycvJYRkiG2d35n64tg==",
        "dependencies": {
          "Microsoft.Agents.AI": "1.19.0",
          "Microsoft.Extensions.AI": "10.9.0",
          "Microsoft.Extensions.AI.Abstractions": "10.9.0",
          "Microsoft.Extensions.AI.Evaluation": "10.9.0",
          "Microsoft.Extensions.AI.OpenAI": "10.6.0",
          "Microsoft.Extensions.Compliance.Abstractions": "10.5.0",
          "Microsoft.Extensions.VectorData.Abstractions": "10.7.0",
          "Microsoft.ML.Tokenizers": "2.0.0",
          "OpenAI": "2.10.0",
          "System.ClientModel": "1.15.0"
        }
      },
      "Microsoft.Graph": {
        "type": "Direct",
        "requested": "[5.103.0, )",
        "resolved": "5.103.0",
        "contentHash": "Ooikffw/OpEBP6I8oQPojPKDQ9IMR9n8AZDWSVR6U/FyZTCzXRjSG6LMaZZ7ck98l1BvMOn22A4Qi47X0jC46Q==",
        "dependencies": {
          "Microsoft.Graph.Core": "3.2.5"
        }
      },
      "Microsoft.Kiota.Abstractions": {
        "type": "Direct",
        "requested": "[1.22.0, )",
        "resolved": "1.22.0",
        "contentHash": "r4LMeuebbLaPqXAPZ9XzXmr3T1KmnACvjgNdSFvcyAq/7EVs9X5OW1Eb2c3eHjDIL4ZiBV4zNGrYrlywJKtRwQ==",
        "dependencies": {
          "Std.UriTemplate": "2.0.8"
        }
      },
      "Microsoft.Teams.Plugins.AspNetCore": {
        "type": "Direct",
        "requested": "[2.0.8, )",
        "resolved": "2.0.8",
        "contentHash": "twxDTn04hJwZYLyN2UW8OMFukWx5EaNre54SC9fiLYYurz+q7bY/xAqc6cs/ibZDq9hylnAGn68QkvtuJ3hJjQ==",
        "dependencies": {
          "Microsoft.AspNetCore.Authentication.JwtBearer": "8.0.0",
          "Microsoft.IdentityModel.Validators": "7.0.0",
          "Microsoft.Teams.Api": "2.0.8",
          "Microsoft.Teams.Apps": "2.0.8",
          "Microsoft.Teams.Common": "2.0.8",
          "Microsoft.Teams.Extensions.Configuration": "2.0.8",
          "Microsoft.Teams.Extensions.Hosting": "2.0.8",
          "Microsoft.Teams.Extensions.Logging": "2.0.8"
        }
      },
      "Azure.Core": {
        "type": "Transitive",
        "resolved": "1.51.1",
        "contentHash": "JRANrRvN5O5FFRh+pMUb8qqWU7jBQ39qXEbVr7Rkb1/s7rqc6RSzVHKGBz5Ro1gDy2WSGjG5YEOJKpPIBiCMcA==",
        "dependencies": {
          "Microsoft.Bcl.AsyncInterfaces": "10.0.2",
          "System.ClientModel": "1.9.0",
          "System.Memory.Data": "10.0.1"
        }
      },
      "Google.Protobuf": {
        "type": "Transitive",
        "resolved": "3.30.2",
        "contentHash": "Y2aOVLIt75yeeEWigg9V9YnjsEm53sADtLGq0gLhwaXpk3iu8tYSoauolyhenagA2sWno2TQ2WujI0HQd6s1Vw=="
      },
      "Humanizer.Core": {
        "type": "Transitive",
        "resolved": "2.14.1",
        "contentHash": "lQKvtaTDOXnoVJ20ibTuSIOf2i0uO0MPbDhd1jm238I+U/2ZnRENj0cktKZhtchBMtCUSRQ5v4xBCUbKNmyVMw=="
      },
      "Json.More.Net": {
        "type": "Transitive",
        "resolved": "2.1.1",
        "contentHash": "ZXAKl2VsdnIZeUo1PFII3Oi1m1L4YQjEyDjygHfHln5vgsjgIo749X6xWkv7qFYp8RROES+vOEfDcvvoVgs8kA=="
      },
      "JsonPointer.Net": {
        "type": "Transitive",
        "resolved": "5.3.1",
        "contentHash": "3e2OJjU0OaE26XC/klgxbJuXvteFWTDJIJv0ITYWcJEoskq7jzUwPSC1s0iz4wPPQnfN7vwwFmg2gJfwRAPwgw==",
        "dependencies": {
          "Humanizer.Core": "2.14.1",
          "Json.More.Net": "2.1.1"
        }
      },
      "JsonSchema.Net": {
        "type": "Transitive",
        "resolved": "7.3.4",
        "contentHash": "7GggWrdzKrtGWETRn3dcMnmuLSyWaDkBK94TK80LEHQEVz4bmsQc7FYO7qL40RDdZU2YPz5d98aT9lW5OYExuA==",
        "dependencies": {
          "JsonPointer.Net": "5.3.1"
        }
      },
      "JsonSchema.Net.Generation": {
        "type": "Transitive",
        "resolved": "5.0.0",
        "contentHash": "r17Nx9ZfTn8Ej39F0NMnOkCLdgof1OH//SfYhsxKLkcg2nXgjz0mzhkxJWsFmyck2L9Ankb/cnEkMJoAxnub3g==",
        "dependencies": {
          "Humanizer.Core": "2.14.1",
          "JsonSchema.Net": "7.3.1"
        }
      },
      "Microsoft.Agents.AI": {
        "type": "Transitive",
        "resolved": "1.19.0",
        "contentHash": "t8scDj5Qx0xUT8owJdUYBIwlEbSUBpYFAhtf0nfhERSWi3IQ8637gfOuZsvW3IIRsUSjq966fOgrJXjBp6R22A==",
        "dependencies": {
          "Microsoft.Agents.AI.Abstractions": "1.19.0",
          "Microsoft.Extensions.AI": "10.9.0",
          "Microsoft.Extensions.AI.Abstractions": "10.9.0",
          "Microsoft.Extensions.AI.Evaluation": "10.9.0",
          "Microsoft.Extensions.Compliance.Abstractions": "10.5.0",
          "Microsoft.Extensions.VectorData.Abstractions": "10.7.0",
          "Microsoft.ML.Tokenizers": "2.0.0"
        }
      },
      "Microsoft.Agents.AI.Abstractions": {
        "type": "Transitive",
        "resolved": "1.19.0",
        "contentHash": "Aw/MMRWjuics4Ryuv3qqj7Bvrv8KCQmKI7X5EQLoR77YJE4gpD8lOh/6GkLzWS1kZwyA1T04V7jgCMw2DCVyEQ==",
        "dependencies": {
          "Microsoft.Extensions.AI.Abstractions": "10.9.0"
        }
      },
      "Microsoft.AspNetCore.Authentication.JwtBearer": {
        "type": "Transitive",
        "resolved": "8.0.0",
        "contentHash": "rwxaZYHips5M9vqxRkGfJthTx+Ws4O4yCuefn17J371jL3ouC5Ker43h2hXb5yd9BMnImE9rznT75KJHm6bMgg==",
        "dependencies": {
          "Microsoft.IdentityModel.Protocols.OpenIdConnect": "7.0.3"
        }
      },
      "Microsoft.Bcl.AsyncInterfaces": {
        "type": "Transitive",
        "resolved": "10.0.2",
        "contentHash": "qE5JhRoeJbAipLqpUCZyNfNwnpAvUttXgIQDnTiJ15d8ji+/bPgoPkB3xLzK5cQTobN2D2ditUesUlDHb7p3Pg=="
      },
      "Microsoft.Extensions.AI": {
        "type": "Transitive",
        "resolved": "10.9.0",
        "contentHash": "ymREzi/+uQ9KL0d0ir3FXHUb/XLHyLYcJYH/7A/uO6rg6Km8hUk++nMRG4/gDpDYrrU6s6YIpSDTexofexMGRg==",
        "dependencies": {
          "Microsoft.Extensions.AI.Abstractions": "10.9.0",
          "System.Numerics.Tensors": "10.0.11"
        }
      },
      "Microsoft.Extensions.AI.Abstractions": {
        "type": "Transitive",
        "resolved": "10.9.0",
        "contentHash": "//nASHMCJVxnYfE/WSzfaLOao6/q816kPpgB9rxU0gfSmAny1u3rfQT0D4xAmcIo4yQqJs7rAeBB+M/dIMdZYA=="
      },
      "Microsoft.Extensions.AI.Evaluation": {
        "type": "Transitive",
        "resolved": "10.9.0",
        "contentHash": "X1W8yH63os/Me/5+ipZLmgRXjZJDJ1kUHxYRWxqP3c/DezHfSHD+Qf5nKgN1EHIY9GYqkIBTvtPEC8Hs+t4KBQ==",
        "dependencies": {
          "Microsoft.Extensions.AI.Abstractions": "10.9.0"
        }
      },
      "Microsoft.Extensions.AI.OpenAI": {
        "type": "Transitive",
        "resolved": "10.6.0",
        "contentHash": "LtqD8u5fqljZ+0Y6EsKOo+4YouNb0t+jU5J3rfOadMR1RCM5a36+2SB4tEuJpCTiqC31GeeJscyzFmIuwCZx+Q==",
        "dependencies": {
          "Microsoft.Extensions.AI.Abstractions": "10.6.0",
          "OpenAI": "2.10.0"
        }
      },
      "Microsoft.Extensions.Compliance.Abstractions": {
        "type": "Transitive",
        "resolved": "10.5.0",
        "contentHash": "xbWZji13Vb2jDJNtwVrKpI09jd8x3n3fL+GzhiLK+8O5Wc2A+GyqCZalST2fV46Pf0QfCwkXf83y+3/rDkCd7A=="
      },
      "Microsoft.Extensions.VectorData.Abstractions": {
        "type": "Transitive",
        "resolved": "10.7.0",
        "contentHash": "eh0JLxoztc9Wz7TrFVRQyotMY9CBh2t22lMPvzy61yaBDDFBsrisrFOD4NId2z/ujwsHVKDtyfDb9tkXwSV5Vw==",
        "dependencies": {
          "Microsoft.Extensions.AI.Abstractions": "10.7.0"
        }
      },
      "Microsoft.Graph.Core": {
        "type": "Transitive",
        "resolved": "3.2.5",
        "contentHash": "7GVaM4MTLBMAwPDmlrVlff2w7Mas2FCMDbVsvnUQnP+LGw9zOjGXSrxrbRPbTRFvsN9TAbEIwh1AVCqePOJN9A==",
        "dependencies": {
          "Microsoft.IdentityModel.Protocols.OpenIdConnect": "8.15.0",
          "Microsoft.IdentityModel.Validators": "8.6.1",
          "Microsoft.Kiota.Abstractions": "1.21.1",
          "Microsoft.Kiota.Authentication.Azure": "1.21.1",
          "Microsoft.Kiota.Http.HttpClientLibrary": "1.21.1",
          "Microsoft.Kiota.Serialization.Form": "1.21.1",
          "Microsoft.Kiota.Serialization.Json": "1.21.1",
          "Microsoft.Kiota.Serialization.Multipart": "1.21.1",
          "Microsoft.Kiota.Serialization.Text": "1.21.1"
        }
      },
      "Microsoft.Identity.Client": {
        "type": "Transitive",
        "resolved": "4.78.0",
        "contentHash": "vZ50HE9INSN+Ew8pCgTm0t7wzxQTqozF9L4MAsl64etXz0Teo0dbUvjpVzqDHRs6m1Vn8mHF04fGaxXrIvGpsg==",
        "dependencies": {
          "Microsoft.IdentityModel.Abstractions": "8.14.0"
        }
      },
      "Microsoft.Identity.Client.Extensions.Msal": {
        "type": "Transitive",
        "resolved": "4.78.0",
        "contentHash": "DYU9o+DrDQuyZxeq91GBA9eNqBvA3ZMkLzQpF7L9dTk6FcIBM1y1IHXWqiKXTvptPF7CZE59upbyUoa+FJ5eiA==",
        "dependencies": {
          "Microsoft.Identity.Client": "4.78.0",
          "System.Security.Cryptography.ProtectedData": "4.5.0"
        }
      },
      "Microsoft.IdentityModel.Abstractions": {
        "type": "Transitive",
        "resolved": "8.16.0",
        "contentHash": "gSxKLWRZzBpIsEoeUPkxfywNCCvRvl7hkq146XHPk5vOQc9izSf1I+uL1vh4y2U19QPxd9Z8K/8AdWyxYz2lSg=="
      },
      "Microsoft.IdentityModel.JsonWebTokens": {
        "type": "Transitive",
        "resolved": "8.16.0",
        "contentHash": "prBU72cIP4V8E9fhN+o/YdskTsLeIcnKPbhZf0X6mD7fdxoZqnS/NdEkSr+9Zp+2q7OZBOMfNBKGbTbhXODO4w==",
        "dependencies": {
          "Microsoft.IdentityModel.Tokens": "8.16.0"
        }
      },
      "Microsoft.IdentityModel.Logging": {
        "type": "Transitive",
        "resolved": "8.16.0",
        "contentHash": "MTzXmETkNQPACR7/XCXM1OGM6oU9RkyibqeJRtO9Ndew2LnGjMf9Atqj2VSf4XC27X0FQycUAlzxxEgQMWn2xQ==",
        "dependencies": {
          "Microsoft.IdentityModel.Abstractions": "8.16.0"
        }
      },
      "Microsoft.IdentityModel.Protocols": {
        "type": "Transitive",
        "resolved": "8.15.0",
        "contentHash": "n4t/m/zpd8rx/nqMqnKmbDqDjqy404JQ+3TYrSXEn7Otw5Vfg6Hmk3tK8SyeAlTzLGC1gVrjt9awPFVBE1tUGQ==",
        "dependencies": {
          "Microsoft.IdentityModel.Tokens": "8.15.0"
        }
      },
      "Microsoft.IdentityModel.Protocols.OpenIdConnect": {
        "type": "Transitive",
        "resolved": "8.15.0",
        "contentHash": "uJ5cHsTHRqx/1W68Gz/7hqUgudai1CXnokIXTQw+ZI1o3hWuhQa1vgSzXX9+IAkOJ/gP+M590Fg3WTwqglJghg==",
        "dependencies": {
          "Microsoft.IdentityModel.Protocols": "8.15.0",
          "System.IdentityModel.Tokens.Jwt": "8.15.0"
        }
      },
      "Microsoft.IdentityModel.Tokens": {
        "type": "Transitive",
        "resolved": "8.16.0",
        "contentHash": "rtViGJcGsN7WcfUNErwNeQgjuU5cJNl6FDQsfi9TncwO+Epzn0FTfBsg3YuFW1Q0Ch/KPxaVdjLw3/+5Z5ceFQ==",
        "dependencies": {
          "Microsoft.IdentityModel.Logging": "8.16.0"
        }
      },
      "Microsoft.IdentityModel.Validators": {
        "type": "Transitive",
        "resolved": "8.6.1",
        "contentHash": "FwST3dwbP4IgPsVVueMau8pHdFllesFSiZy+6L7/BtuflE8Tl1Z7MQW1/4ujmOOYQoBZCjdUQPzOFrC7NlqaBw==",
        "dependencies": {
          "Microsoft.IdentityModel.Protocols": "8.6.1",
          "Microsoft.IdentityModel.Protocols.OpenIdConnect": "8.6.1",
          "Microsoft.IdentityModel.Tokens": "8.6.1",
          "System.IdentityModel.Tokens.Jwt": "8.6.1"
        }
      },
      "Microsoft.Kiota.Authentication.Azure": {
        "type": "Transitive",
        "resolved": "1.21.1",
        "contentHash": "gGZhKqN/QqkMH2C5W6wz2onMm3gh6nZXn270EJkpPOmptW2uw9i91C+2nve7j5EwconpIGQ/OrzMN+wboLHRtw==",
        "dependencies": {
          "Azure.Core": "1.50.0",
          "Microsoft.Kiota.Abstractions": "1.21.1"
        }
      },
      "Microsoft.Kiota.Http.HttpClientLibrary": {
        "type": "Transitive",
        "resolved": "1.21.1",
        "contentHash": "qdhTMpnZMEvbkU24v79w1TFKKcpn8epVr2ViMhk/NWLKUQbvoc7C6zC/yHeY//wcWXaE4vUQZpVnlAN/M7UAug==",
        "dependencies": {
          "Microsoft.Kiota.Abstractions": "1.21.1"
        }
      },
      "Microsoft.Kiota.Serialization.Form": {
        "type": "Transitive",
        "resolved": "1.21.1",
        "contentHash": "g3W1N1IpfJBiuJoEGAzuGtN6uH1yqbs84Ws30l+Kc1TS2wDOCqamUl2UrbEkslF8rP7dwZ1VPL1tb8q/8XF0LA==",
        "dependencies": {
          "Microsoft.Kiota.Abstractions": "1.21.1"
        }
      },
      "Microsoft.Kiota.Serialization.Json": {
        "type": "Transitive",
        "resolved": "1.21.1",
        "contentHash": "TTfIOHtPqunXwv7vnkHPPwNvomhHEiuEX0X2GCV0mGNAZkPwNYJLfMU2X6WKTqgkctCK5s4g0DwQmyQWcX7zXQ==",
        "dependencies": {
          "Microsoft.Kiota.Abstractions": "1.21.1"
        }
      },
      "Microsoft.Kiota.Serialization.Multipart": {
        "type": "Transitive",
        "resolved": "1.21.1",
        "contentHash": "KyVM793eLwyQhGTiR5PvnjsRNBSSP735UlxUnwGoe1jx1yvOmH5BP3QIrdXH/6iEEsbjHXmt9s02ShO0bOgpAw==",
        "dependencies": {
          "Microsoft.Kiota.Abstractions": "1.21.1"
        }
      },
      "Microsoft.Kiota.Serialization.Text": {
        "type": "Transitive",
        "resolved": "1.21.1",
        "contentHash": "L2G8IAedvUR0cfx7/kUSzK9xOymp7jC11mfYVvUM6RltIYlxZwnfISezo5HwuSu71ESDQ1ddxtKQ6TubVDn8uA==",
        "dependencies": {
          "Microsoft.Kiota.Abstractions": "1.21.1"
        }
      },
      "Microsoft.ML.Tokenizers": {
        "type": "Transitive",
        "resolved": "2.0.0",
        "contentHash": "+b8lT4cLLO/sBR2hjvE/qG6qrZG15h7/PBvnIrzTh4xDaAxdHUY6449rC+1pHzQUsBiCHZVbj+VMn+xS0sL7TA==",
        "dependencies": {
          "Google.Protobuf": "3.30.2"
        }
      },
      "Microsoft.Teams.AI": {
        "type": "Transitive",
        "resolved": "2.0.8",
        "contentHash": "3dLPfSMdUTdcThzYe2w/W0MOWozVMYnMZ67rpUw0VYk0tiR4Fm5zoa+MqZc8Tmw2uUmFxYie/oOl9dIJy1h/lQ==",
        "dependencies": {
          "JsonSchema.Net": "7.3.4",
          "JsonSchema.Net.Generation": "5.0.0",
          "Microsoft.Teams.Common": "2.0.8"
        }
      },
      "Microsoft.Teams.AI.Models.OpenAI": {
        "type": "Transitive",
        "resolved": "2.0.8",
        "contentHash": "FZuSOCJrfyNK9cbMSjuKaLdKs0Da/NfskbyKBfvSrHPCriZuOjA3lIRuuwsduU/MSbLG/Tudu08J8HNN2PSlKg==",
        "dependencies": {
          "Microsoft.Teams.AI": "2.0.8",
          "Microsoft.Teams.Common": "2.0.8",
          "OpenAI": "2.1.0"
        }
      },
      "Microsoft.Teams.Api": {
        "type": "Transitive",
        "resolved": "2.0.8",
        "contentHash": "vzVsvddRBubYVr20GL73WAe1271hmTlsHbLuFeqWn5VRvRSuASwDBPERGyZo6wXRBMw/wKRllTB4D4JXy0t4iQ==",
        "dependencies": {
          "Microsoft.Teams.Cards": "2.0.8",
          "Microsoft.Teams.Common": "2.0.8",
          "System.IdentityModel.Tokens.Jwt": "8.16.0"
        }
      },
      "Microsoft.Teams.Apps": {
        "type": "Transitive",
        "resolved": "2.0.8",
        "contentHash": "4ocgonaH73BpGNjMyVAaCSrW4LFSLKXabDzgrpHJ+YHSjF+HlAyyxm7LNgDYPthpn0Q4ESUBJmjZP4CKLC8aAA==",
        "dependencies": {
          "Microsoft.Teams.Api": "2.0.8",
          "Microsoft.Teams.Cards": "2.0.8",
          "Microsoft.Teams.Common": "2.0.8"
        }
      },
      "Microsoft.Teams.Cards": {
        "type": "Transitive",
        "resolved": "2.0.8",
        "contentHash": "zNN7NG2BYhYaDQtwZHWTPLyhGZH1B+xdBI5gPsZf0a71fZuNDvaLOJ5ZdlGjcA/RlpZeObZRq77DU9haoJgdmw==",
        "dependencies": {
          "Microsoft.Teams.Common": "2.0.8"
        }
      },
      "Microsoft.Teams.Common": {
        "type": "Transitive",
        "resolved": "2.0.8",
        "contentHash": "JWdPbDZ7Lv5j2J7PlezF9sNc1LKWdf2XSGiOrMiXq1qGm6rzLOJ335NciMDoiz3uZtvEAa4uF+WHV8vY+CEMOg=="
      },
      "Microsoft.Teams.Extensions.Configuration": {
        "type": "Transitive",
        "resolved": "2.0.8",
        "contentHash": "zpgo2zkAi5W+tD7pFmnQ8nXWWbxdW7O4oyAG492BWmKEImakDF1ifgPPNhtpJsKd5+oK7Ska2+2uN5llEpj9yA==",
        "dependencies": {
          "Microsoft.Teams.AI.Models.OpenAI": "2.0.8",
          "Microsoft.Teams.Api": "2.0.8",
          "Microsoft.Teams.Apps": "2.0.8",
          "Microsoft.Teams.Common": "2.0.8"
        }
      },
      "Microsoft.Teams.Extensions.Hosting": {
        "type": "Transitive",
        "resolved": "2.0.8",
        "contentHash": "UVzG7dGLXMedU6jtsiJmQ+NlQzuKFqNNmfRRRM54yOyiOEjK/cH5sSjSaF/HVcpPC/xpF9YtspULUqo6bdZifA==",
        "dependencies": {
          "Microsoft.Teams.AI.Models.OpenAI": "2.0.8",
          "Microsoft.Teams.Api": "2.0.8",
          "Microsoft.Teams.Apps": "2.0.8",
          "Microsoft.Teams.Extensions.Configuration": "2.0.8",
          "Microsoft.Teams.Extensions.Logging": "2.0.8"
        }
      },
      "Microsoft.Teams.Extensions.Logging": {
        "type": "Transitive",
        "resolved": "2.0.8",
        "contentHash": "GETRgkiSspqX6muSt4BWIXlBu2EKaclIXUgoHJ+lsUao4l3vJL802aLRDlV42hh+eYq/Ua2qnRBIAYiVvpx5kg==",
        "dependencies": {
          "Microsoft.Teams.Common": "2.0.8"
        }
      },
      "OpenAI": {
        "type": "Transitive",
        "resolved": "2.10.0",
        "contentHash": "e5gAhMDcX5bFmmtR+lT6qZxJoaGb0SkIplPUUdKwcC4xerCh471hTIsrvfkou7scfZD9YQk6C06dP3NwBqHw1A==",
        "dependencies": {
          "System.ClientModel": "1.10.0"
        }
      },
      "Std.UriTemplate": {
        "type": "Transitive",
        "resolved": "2.0.8",
        "contentHash": "IAR4gJlLVD4r/FsU/rDb1+9sbB3/tCFVZz5IzlbM2yHoiUisBi5Ek/KXRUF7RcqNARka79EoaOz9INnXvQ/O6w=="
      },
      "System.ClientModel": {
        "type": "Transitive",
        "resolved": "1.15.0",
        "contentHash": "y6zQLInrpX+oGL1gXM04DrUSu1O1esWxt4rD/zrujTnzIFChn/noD1OiVVpTrU8ZvglwqO2Uw038svUR3SiAOg==",
        "dependencies": {
          "System.Memory.Data": "10.0.9"
        }
      },
      "System.IdentityModel.Tokens.Jwt": {
        "type": "Transitive",
        "resolved": "8.16.0",
        "contentHash": "rrs2u7DRMXQG2yh0oVyF/vLwosfRv20Ld2iEpYcKwQWXHjfV+gFXNQsQ9p008kR9Ou4pxBs68Q6/9zC8Gi1wjg==",
        "dependencies": {
          "Microsoft.IdentityModel.JsonWebTokens": "8.16.0",
          "Microsoft.IdentityModel.Tokens": "8.16.0"
        }
      },
      "System.Memory.Data": {
        "type": "Transitive",
        "resolved": "10.0.9",
        "contentHash": "YweovHiLUoEdbr2Xv8eRqCSkTu1vMms4a6xBHaQiMSFVy32PL+hXv6Vhol2NWOmLHjaVgTyhJ3R52U6JxS6w3Q=="
      },
      "System.Numerics.Tensors": {
        "type": "Transitive",
        "resolved": "10.0.11",
        "contentHash": "4jNNt67NhCqf3bf2FN0mrsC+EH60L7Sny6poqVeiviB27Kw7TQzMmgn8HIaPc8E9EcuGusUyfeu21gLfzcBpDA=="
      },
      "System.Security.Cryptography.ProtectedData": {
        "type": "Transitive",
        "resolved": "4.5.0",
        "contentHash": "wLBKzFnDCxP12VL9ANydSYhk59fC4cvOr9ypYQLPnAj48NQIhqnjdD2yhP8yEKyBJEjERWS9DisKL7rX5eU25Q=="
      }
    }
  }
}